
Microsoft Visual Studio Solution File, Format Version 12.00
# Visual Studio 15
VisualStudioVersion = 15.0.26124.0
MinimumVisualStudioVersion = 15.0.26124.0
Project("{FAE04EC0-301F-11D3-BF4B-00C04F79EFBC}") = "Kash.Parallel.Threads", "Kash.Parallel.Threads\Kash.Parallel.Threads.csproj", "{D65F9500-C0C8-4426-9782-C060AB44E8B0}"
EndProject
Project("{FAE04EC0-301F-11D3-BF4B-00C04F79EFBC}") = "Kash.Parallel.BackgroundWorker", "Kash.Parallel.BackgroundWorker\Kash.Parallel.BackgroundWorker.csproj", "{FE253D75-BF78-4CA3-B5EA-29F5A145D470}"
EndProject
Global
	GlobalSection(SolutionConfigurationPlatforms) = preSolution
		Debug|Any CPU = Debug|Any CPU
		Debug|x64 = Debug|x64
		Debug|x86 = Debug|x86
		Release|Any CPU = Release|Any CPU
		Release|x64 = Release|x64
		Release|x86 = Release|x86
	EndGlobalSection
	GlobalSection(SolutionProperties) = preSolution
		HideSolutionNode = FALSE
	EndGlobalSection
	GlobalSection(ProjectConfigurationPlatforms) = postSolution
		{D65F9500-C0C8-4426-9782-C060AB44E8B0}.Debug|Any CPU.ActiveCfg = Debug|Any CPU
		{D65F9500-C0C8-4426-9782-C060AB44E8B0}.Debug|Any CPU.Build.0 = Debug|Any CPU
		{D65F9500-C0C8-4426-9782-C060AB44E8B0}.Debug|x64.ActiveCfg = Debug|Any CPU
		{D65F9500-C0C8-4426-9782-C060AB44E8B0}.Debug|x64.Build.0 = Debug|Any CPU
		{D65F9500-C0C8-4426-9782-C060AB44E8B0}.Debug|x86.ActiveCfg = Debug|Any CPU
		{D65F9500-C0C8-4426-9782-C060AB44E8B0}.Debug|x86.Build.0 = Debug|Any CPU
		{D65F9500-C0C8-4426-9782-C060AB44E8B0}.Release|Any CPU.ActiveCfg = Release|Any CPU
		{D65F9500-C0C8-4426-9782-C060AB44E8B0}.Release|Any CPU.Build.0 = Release|Any CPU
		{D65F9500-C0C8-4426-9782-C060AB44E8B0}.Release|x64.ActiveCfg = Release|Any CPU
		{D65F9500-C0C8-4426-9782-C060AB44E8B0}.Release|x64.Build.0 = Release|Any CPU
		{D65F9500-C0C8-4426-9782-C060AB44E8B0}.Release|x86.ActiveCfg = Release|Any CPU
		{D65F9500-C0C8-4426-9782-C060AB44E8B0}.Release|x86.Build.0 = Release|Any CPU
		{FE253D75-BF78-4CA3-B5EA-29F5A145D470}.Debug|Any CPU.ActiveCfg = Debug|Any CPU
		{FE253D75-BF78-4CA3-B5EA-29F5A145D470}.Debug|Any CPU.Build.0 = Debug|Any CPU
		{FE253D75-BF78-4CA3-B5EA-29F5A145D470}.Debug|x64.ActiveCfg = Debug|Any CPU
		{FE253D75-BF78-4CA3-B5EA-29F5A145D470}.Debug|x64.Build.0 = Debug|Any CPU
		{FE253D75-BF78-4CA3-B5EA-29F5A145D470}.Debug|x86.ActiveCfg = Debug|Any CPU
		{FE253D75-BF78-4CA3-B5EA-29F5A145D470}.Debug|x86.Build.0 = Debug|Any CPU
		{FE253D75-BF78-4CA3-B5EA-29F5A145D470}.Release|Any CPU.ActiveCfg = Release|Any CPU
		{FE253D75-BF78-4CA3-B5EA-29F5A145D470}.Release|Any CPU.Build.0 = Release|Any CPU
		{FE253D75-BF78-4CA3-B5EA-29F5A145D470}.Release|x64.ActiveCfg = Release|Any CPU
		{FE253D75-BF78-4CA3-B5EA-29F5A145D470}.Release|x64.Build.0 = Release|Any CPU
		{FE253D75-BF78-4CA3-B5EA-29F5A145D470}.Release|x86.ActiveCfg = Release|Any CPU
		{FE253D75-BF78-4CA3-B5EA-29F5A145D470}.Release|x86.Build.0 = Release|Any CPU
	EndGlobalSection
EndGlobal
